
Microsoft Visual Studio Solution File, Format Version 12.00
# Visual Studio Version 17
VisualStudioVersion = 17.7.34031.279
MinimumVisualStudioVersion = 10.0.40219.1
Project("{FAE04EC0-301F-11D3-BF4B-00C04F79EFBC}") = "wpf_1", "wpf_1\wpf_1.csproj", "{DFCD7AAD-1977-4E9C-A828-B1B7646ADCF7}"
EndProject
Global
	GlobalSection(SolutionConfigurationPlatforms) = preSolution
		Debug|Any CPU = Debug|Any CPU
		Release|Any CPU = Release|Any CPU
	EndGlobalSection
	GlobalSection(ProjectConfigurationPlatforms) = postSolution
		{DFCD7AAD-1977-4E9C-A828-B1B7646ADCF7}.Debug|Any CPU.ActiveCfg = Debug|Any CPU
		{DFCD7AAD-1977-4E9C-A828-B1B7646ADCF7}.Debug|Any CPU.Build.0 = Debug|Any CPU
		{DFCD7AAD-1977-4E9C-A828-B1B7646ADCF7}.Release|Any CPU.ActiveCfg = Release|Any CPU
		{DFCD7AAD-1977-4E9C-A828-B1B7646ADCF7}.Release|Any CPU.Build.0 = Release|Any CPU
	EndGlobalSection
	GlobalSection(SolutionProperties) = preSolution
		HideSolutionNode = FALSE
	EndGlobalSection
	GlobalSection(ExtensibilityGlobals) = postSolution
		SolutionGuid = {2B2E841E-ED32-46CC-B181-5662CD03D465}
	EndGlobalSection
EndGlobal
